
Microsoft Visual Studio Solution File, Format Version 12.00
# Visual Studio Version 16
VisualStudioVersion = 16.0.31402.337
MinimumVisualStudioVersion = 10.0.40219.1
Project("{FAE04EC0-301F-11D3-BF4B-00C04F79EFBC}") = "BaiTap1", "BaiTap1\BaiTap1.csproj", "{83E59653-8651-4125-BAE6-454F5D3BC107}"
EndProject
Global
	GlobalSection(SolutionConfigurationPlatforms) = preSolution
		Debug|Any CPU = Debug|Any CPU
		Release|Any CPU = Release|Any CPU
	EndGlobalSection
	GlobalSection(ProjectConfigurationPlatforms) = postSolution
		{83E59653-8651-4125-BAE6-454F5D3BC107}.Debug|Any CPU.ActiveCfg = Debug|Any CPU
		{83E59653-8651-4125-BAE6-454F5D3BC107}.Debug|Any CPU.Build.0 = Debug|Any CPU
		{83E59653-8651-4125-BAE6-454F5D3BC107}.Release|Any CPU.ActiveCfg = Release|Any CPU
		{83E59653-8651-4125-BAE6-454F5D3BC107}.Release|Any CPU.Build.0 = Release|Any CPU
	EndGlobalSection
	GlobalSection(SolutionProperties) = preSolution
		HideSolutionNode = FALSE
	EndGlobalSection
	GlobalSection(ExtensibilityGlobals) = postSolution
		SolutionGuid = {F0999036-4599-402C-80F1-BAC9CD0AFE93}
	EndGlobalSection
EndGlobal
